
Microsoft Visual Studio Solution File, Format Version 12.00
# Visual Studio Version 17
VisualStudioVersion = 17.13.35931.197
MinimumVisualStudioVersion = 10.0.40219.1
Project("{FAE04EC0-301F-11D3-BF4B-00C04F79EFBC}") = "SistemaPOS", "SistemaPOS\SistemaPOS.csproj", "{72409AE5-6163-49D8-9ED5-D5B5CF882941}"
EndProject
Project("{FAE04EC0-301F-11D3-BF4B-00C04F79EFBC}") = "LibreriaDLL", "LibreriaDLL\LibreriaDLL.csproj", "{535B5F25-B61D-4A01-94AB-E296D7EAE235}"
EndProject
Project("{54435603-DBB4-11D2-8724-00A0C9A8B90C}") = "Setup", "Setup\Setup.vdproj", "{DBE9999D-346E-CA63-6964-F3B7FC1D42B4}"
EndProject
Global
	GlobalSection(SolutionConfigurationPlatforms) = preSolution
		Debug|Any CPU = Debug|Any CPU
		Release|Any CPU = Release|Any CPU
	EndGlobalSection
	GlobalSection(ProjectConfigurationPlatforms) = postSolution
		{72409AE5-6163-49D8-9ED5-D5B5CF882941}.Debug|Any CPU.ActiveCfg = Debug|Any CPU
		{72409AE5-6163-49D8-9ED5-D5B5CF882941}.Debug|Any CPU.Build.0 = Debug|Any CPU
		{72409AE5-6163-49D8-9ED5-D5B5CF882941}.Release|Any CPU.ActiveCfg = Release|Any CPU
		{72409AE5-6163-49D8-9ED5-D5B5CF882941}.Release|Any CPU.Build.0 = Release|Any CPU
		{535B5F25-B61D-4A01-94AB-E296D7EAE235}.Debug|Any CPU.ActiveCfg = Debug|Any CPU
		{535B5F25-B61D-4A01-94AB-E296D7EAE235}.Debug|Any CPU.Build.0 = Debug|Any CPU
		{535B5F25-B61D-4A01-94AB-E296D7EAE235}.Release|Any CPU.ActiveCfg = Release|Any CPU
		{535B5F25-B61D-4A01-94AB-E296D7EAE235}.Release|Any CPU.Build.0 = Release|Any CPU
		{DBE9999D-346E-CA63-6964-F3B7FC1D42B4}.Debug|Any CPU.ActiveCfg = Debug
		{DBE9999D-346E-CA63-6964-F3B7FC1D42B4}.Release|Any CPU.ActiveCfg = Release
	EndGlobalSection
	GlobalSection(SolutionProperties) = preSolution
		HideSolutionNode = FALSE
	EndGlobalSection
	GlobalSection(ExtensibilityGlobals) = postSolution
		SolutionGuid = {8E1F079E-6B22-458C-BF9A-5CD0E75FFBEA}
	EndGlobalSection
EndGlobal
